
Microsoft Visual Studio Solution File, Format Version 12.00
# Visual Studio Version 17
VisualStudioVersion = 17.14.36429.23 d17.14
MinimumVisualStudioVersion = 10.0.40219.1
Project("{2150E333-8FDC-42A3-9474-1A3956D46DE8}") = "Task0", "Task0", "{02EA681E-C7D8-13C7-8484-4AC65E1B71E8}"
EndProject
Project("{FAE04EC0-301F-11D3-BF4B-00C04F79EFBC}") = "Tyuiu.MkhitaryanSG.Sprint4.Task0.V1", "Tyuiu.MkhitaryanSG.Sprint4.Task0.V1\Tyuiu.MkhitaryanSG.Sprint4.Task0.V1.csproj", "{000807DE-90C0-4F21-9104-602B5B29426C}"
EndProject
Project("{FAE04EC0-301F-11D3-BF4B-00C04F79EFBC}") = "Tyuiu.MkhitaryanSG.Sprint4.Task0.V1.Lib", "Tyuiu.MkhitaryanSG.Sprint4.Task0.V1.Lib\Tyuiu.MkhitaryanSG.Sprint4.Task0.V1.Lib.csproj", "{C3DD4B43-AD61-40CC-8F95-C7A3FE20E939}"
EndProject
Project("{FAE04EC0-301F-11D3-BF4B-00C04F79EFBC}") = "Tyuiu.MkhitaryanSG.Sprint4.Task0.V1.Test", "Tyuiu.MkhitaryanSG.Sprint4.Task0.V1.Test\Tyuiu.MkhitaryanSG.Sprint4.Task0.V1.Test.csproj", "{300190D5-7842-4D53-92B0-83CCACE4F241}"
EndProject
Project("{2150E333-8FDC-42A3-9474-1A3956D46DE8}") = "Task1", "Task1", "{BE3A38E1-60EB-4C57-97A7-F17702684C92}"
EndProject
Project("{FAE04EC0-301F-11D3-BF4B-00C04F79EFBC}") = "Tyuiu.MkhitaryanSG.Sprint4.Task1.V29", "Tyuiu.MkhitaryanSG.Sprint4.Task1.V29\Tyuiu.MkhitaryanSG.Sprint4.Task1.V29.csproj", "{872167B6-89FA-4320-A449-E4F3CF98AF56}"
EndProject
Project("{FAE04EC0-301F-11D3-BF4B-00C04F79EFBC}") = "Tyuiu.MkhitaryanSG.Sprint4.Task1.V29.Lib", "Tyuiu.MkhitaryanSG.Sprint4.Task1.V29.Lib\Tyuiu.MkhitaryanSG.Sprint4.Task1.V29.Lib.csproj", "{5706A52D-CAA4-42DE-95F7-708565F349C1}"
EndProject
Project("{FAE04EC0-301F-11D3-BF4B-00C04F79EFBC}") = "Tyuiu.MkhitaryanSG.Sprint4.Task1.V29.Test", "Tyuiu.MkhitaryanSG.Sprint4.Task1.V29.Test\Tyuiu.MkhitaryanSG.Sprint4.Task1.V29.Test.csproj", "{E3E680EB-C952-4C49-A950-CF160DA71CD7}"
EndProject
Project("{2150E333-8FDC-42A3-9474-1A3956D46DE8}") = "Task2", "Task2", "{CC4B4D21-651E-4CC0-8B23-EB3061E4E45D}"
EndProject
Project("{FAE04EC0-301F-11D3-BF4B-00C04F79EFBC}") = "Tyuiu.MkhitaryanSG.Sprint4.Task2.V6", "Tyuiu.MkhitaryanSG.Sprint4.Task2.V6\Tyuiu.MkhitaryanSG.Sprint4.Task2.V6.csproj", "{14F4CE17-0813-4E4B-AE0F-7590B886BBA7}"
EndProject
Project("{FAE04EC0-301F-11D3-BF4B-00C04F79EFBC}") = "Tyuiu.MkhitaryanSG.Sprint4.Task2.V6.Lib", "Tyuiu.MkhitaryanSG.Sprint4.Task2.V6.Lib\Tyuiu.MkhitaryanSG.Sprint4.Task2.V6.Lib.csproj", "{C8370702-1550-475E-9F79-22BCAE084E11}"
EndProject
Project("{FAE04EC0-301F-11D3-BF4B-00C04F79EFBC}") = "Tyuiu.MkhitaryanSG.Sprint4.Task2.V6.Test", "Tyuiu.MkhitaryanSG.Sprint4.Task2.V6.Test\Tyuiu.MkhitaryanSG.Sprint4.Task2.V6.Test.csproj", "{8BA027BE-74F6-4B49-AA5F-664D40879A23}"
EndProject
Project("{2150E333-8FDC-42A3-9474-1A3956D46DE8}") = "Task3", "Task3", "{A39D3B82-E3CA-4FD2-87DD-E65C3F91D4A3}"
EndProject
Project("{FAE04EC0-301F-11D3-BF4B-00C04F79EFBC}") = "Tyuiu.MkhitaryanSG.Sprint4.Task3.V27", "Tyuiu.MkhitaryanSG.Sprint4.Task3.V27\Tyuiu.MkhitaryanSG.Sprint4.Task3.V27.csproj", "{3580AB98-1AFD-4EB3-A9E9-4C637298F972}"
EndProject
Project("{FAE04EC0-301F-11D3-BF4B-00C04F79EFBC}") = "Tyuiu.MkhitaryanSG.Sprint4.Task3.V27.Lib", "Tyuiu.MkhitaryanSG.Sprint4.Task3.V27.Lib\Tyuiu.MkhitaryanSG.Sprint4.Task3.V27.Lib.csproj", "{9BFABFBD-D77B-4519-9E88-CB1715757DE7}"
EndProject
Project("{FAE04EC0-301F-11D3-BF4B-00C04F79EFBC}") = "Tyuiu.MkhitaryanSG.Sprint4.Task3.V27.Test", "Tyuiu.MkhitaryanSG.Sprint4.Task3.V27.Test\Tyuiu.MkhitaryanSG.Sprint4.Task3.V27.Test.csproj", "{77E4DA7F-E6A3-4014-9B44-33DD5126F222}"
EndProject
Project("{2150E333-8FDC-42A3-9474-1A3956D46DE8}") = "Task4", "Task4", "{6AF05ED9-8858-4583-9CBA-7FE58E645F47}"
EndProject
Project("{FAE04EC0-301F-11D3-BF4B-00C04F79EFBC}") = "Tyuiu.MkhitaryanSG.Sprint4.Task4.V9", "Tyuiu.MkhitaryanSG.Sprint4.Task4.V9\Tyuiu.MkhitaryanSG.Sprint4.Task4.V9.csproj", "{3F2BB5BE-F964-4484-BDE0-53A5B72BF62B}"
EndProject
Project("{FAE04EC0-301F-11D3-BF4B-00C04F79EFBC}") = "Tyuiu.MkhitaryanSG.Sprint4.Task4.V9.Lib", "Tyuiu.MkhitaryanSG.Sprint4.Task4.V9.Lib\Tyuiu.MkhitaryanSG.Sprint4.Task4.V9.Lib.csproj", "{F1E8FE2B-71A5-4FD0-B4B2-2FCE2554A235}"
EndProject
Project("{FAE04EC0-301F-11D3-BF4B-00C04F79EFBC}") = "Tyuiu.MkhitaryanSG.Sprint4.Task4.V9.Test", "Tyuiu.MkhitaryanSG.Sprint4.Task4.V9.Test\Tyuiu.MkhitaryanSG.Sprint4.Task4.V9.Test.csproj", "{D32C8ABF-0221-44E1-92BA-E1F7E0FD9A85}"
EndProject
Project("{2150E333-8FDC-42A3-9474-1A3956D46DE8}") = "Task5", "Task5", "{6B721EA5-9B59-4AC6-84E1-1EA66C84F649}"
EndProject
Project("{FAE04EC0-301F-11D3-BF4B-00C04F79EFBC}") = "Tyuiu.MkhitaryanSG.Sprint4.Task5.V22", "Tyuiu.MkhitaryanSG.Sprint4.Task5.V22\Tyuiu.MkhitaryanSG.Sprint4.Task5.V22.csproj", "{5D92FFB3-1A59-4729-A104-4A50706C5C5C}"
EndProject
Project("{FAE04EC0-301F-11D3-BF4B-00C04F79EFBC}") = "Tyuiu.MkhitaryanSG.Sprint4.Task5.V22.Lib", "Tyuiu.MkhitaryanSG.Sprint4.Task5.V22.Lib\Tyuiu.MkhitaryanSG.Sprint4.Task5.V22.Lib.csproj", "{C4EAB843-BBDC-4F51-B2CE-923B9B9FA077}"
EndProject
Project("{FAE04EC0-301F-11D3-BF4B-00C04F79EFBC}") = "Tyuiu.MkhitaryanSG.Sprint4.Task5.V22.Test", "Tyuiu.MkhitaryanSG.Sprint4.Task5.V22.Test\Tyuiu.MkhitaryanSG.Sprint4.Task5.V22.Test.csproj", "{3E1A448F-46E1-478A-A598-7A9F5221BFDC}"
EndProject
Global
	GlobalSection(SolutionConfigurationPlatforms) = preSolution
		Debug|Any CPU = Debug|Any CPU
		Release|Any CPU = Release|Any CPU
	EndGlobalSection
	GlobalSection(ProjectConfigurationPlatforms) = postSolution
		{000807DE-90C0-4F21-9104-602B5B29426C}.Debug|Any CPU.ActiveCfg = Debug|Any CPU
		{000807DE-90C0-4F21-9104-602B5B29426C}.Debug|Any CPU.Build.0 = Debug|Any CPU
		{000807DE-90C0-4F21-9104-602B5B29426C}.Release|Any CPU.ActiveCfg = Release|Any CPU
		{000807DE-90C0-4F21-9104-602B5B29426C}.Release|Any CPU.Build.0 = Release|Any CPU
		{C3DD4B43-AD61-40CC-8F95-C7A3FE20E939}.Debug|Any CPU.ActiveCfg = Debug|Any CPU
		{C3DD4B43-AD61-40CC-8F95-C7A3FE20E939}.Debug|Any CPU.Build.0 = Debug|Any CPU
		{C3DD4B43-AD61-40CC-8F95-C7A3FE20E939}.Release|Any CPU.ActiveCfg = Release|Any CPU
		{C3DD4B43-AD61-40CC-8F95-C7A3FE20E939}.Release|Any CPU.Build.0 = Release|Any CPU
		{300190D5-7842-4D53-92B0-83CCACE4F241}.Debug|Any CPU.ActiveCfg = Debug|Any CPU
		{300190D5-7842-4D53-92B0-83CCACE4F241}.Debug|Any CPU.Build.0 = Debug|Any CPU
		{300190D5-7842-4D53-92B0-83CCACE4F241}.Release|Any CPU.ActiveCfg = Release|Any CPU
		{300190D5-7842-4D53-92B0-83CCACE4F241}.Release|Any CPU.Build.0 = Release|Any CPU
		{872167B6-89FA-4320-A449-E4F3CF98AF56}.Debug|Any CPU.ActiveCfg = Debug|Any CPU
		{872167B6-89FA-4320-A449-E4F3CF98AF56}.Debug|Any CPU.Build.0 = Debug|Any CPU
		{872167B6-89FA-4320-A449-E4F3CF98AF56}.Release|Any CPU.ActiveCfg = Release|Any CPU
		{872167B6-89FA-4320-A449-E4F3CF98AF56}.Release|Any CPU.Build.0 = Release|Any CPU
		{5706A52D-CAA4-42DE-95F7-708565F349C1}.Debug|Any CPU.ActiveCfg = Debug|Any CPU
		{5706A52D-CAA4-42DE-95F7-708565F349C1}.Debug|Any CPU.Build.0 = Debug|Any CPU
		{5706A52D-CAA4-42DE-95F7-708565F349C1}.Release|Any CPU.ActiveCfg = Release|Any CPU
		{5706A52D-CAA4-42DE-95F7-708565F349C1}.Release|Any CPU.Build.0 = Release|Any CPU
		{E3E680EB-C952-4C49-A950-CF160DA71CD7}.Debug|Any CPU.ActiveCfg = Debug|Any CPU
		{E3E680EB-C952-4C49-A950-CF160DA71CD7}.Debug|Any CPU.Build.0 = Debug|Any CPU
		{E3E680EB-C952-4C49-A950-CF160DA71CD7}.Release|Any CPU.ActiveCfg = Release|Any CPU
		{E3E680EB-C952-4C49-A950-CF160DA71CD7}.Release|Any CPU.Build.0 = Release|Any CPU
		{14F4CE17-0813-4E4B-AE0F-7590B886BBA7}.Debug|Any CPU.ActiveCfg = Debug|Any CPU
		{14F4CE17-0813-4E4B-AE0F-7590B886BBA7}.Debug|Any CPU.Build.0 = Debug|Any CPU
		{14F4CE17-0813-4E4B-AE0F-7590B886BBA7}.Release|Any CPU.ActiveCfg = Release|Any CPU
		{14F4CE17-0813-4E4B-AE0F-7590B886BBA7}.Release|Any CPU.Build.0 = Release|Any CPU
		{C8370702-1550-475E-9F79-22BCAE084E11}.Debug|Any CPU.ActiveCfg = Debug|Any CPU
		{C8370702-1550-475E-9F79-22BCAE084E11}.Debug|Any CPU.Build.0 = Debug|Any CPU
		{C8370702-1550-475E-9F79-22BCAE084E11}.Release|Any CPU.ActiveCfg = Release|Any CPU
		{C8370702-1550-475E-9F79-22BCAE084E11}.Release|Any CPU.Build.0 = Release|Any CPU
		{8BA027BE-74F6-4B49-AA5F-664D40879A23}.Debug|Any CPU.ActiveCfg = Debug|Any CPU
		{8BA027BE-74F6-4B49-AA5F-664D40879A23}.Debug|Any CPU.Build.0 = Debug|Any CPU
		{8BA027BE-74F6-4B49-AA5F-664D40879A23}.Release|Any CPU.ActiveCfg = Release|Any CPU
		{8BA027BE-74F6-4B49-AA5F-664D40879A23}.Release|Any CPU.Build.0 = Release|Any CPU
		{3580AB98-1AFD-4EB3-A9E9-4C637298F972}.Debug|Any CPU.ActiveCfg = Debug|Any CPU
		{3580AB98-1AFD-4EB3-A9E9-4C637298F972}.Debug|Any CPU.Build.0 = Debug|Any CPU
		{3580AB98-1AFD-4EB3-A9E9-4C637298F972}.Release|Any CPU.ActiveCfg = Release|Any CPU
		{3580AB98-1AFD-4EB3-A9E9-4C637298F972}.Release|Any CPU.Build.0 = Release|Any CPU
		{9BFABFBD-D77B-4519-9E88-CB1715757DE7}.Debug|Any CPU.ActiveCfg = Debug|Any CPU
		{9BFABFBD-D77B-4519-9E88-CB1715757DE7}.Debug|Any CPU.Build.0 = Debug|Any CPU
		{9BFABFBD-D77B-4519-9E88-CB1715757DE7}.Release|Any CPU.ActiveCfg = Release|Any CPU
		{9BFABFBD-D77B-4519-9E88-CB1715757DE7}.Release|Any CPU.Build.0 = Release|Any CPU
		{77E4DA7F-E6A3-4014-9B44-33DD5126F222}.Debug|Any CPU.ActiveCfg = Debug|Any CPU
		{77E4DA7F-E6A3-4014-9B44-33DD5126F222}.Debug|Any CPU.Build.0 = Debug|Any CPU
		{77E4DA7F-E6A3-4014-9B44-33DD5126F222}.Release|Any CPU.ActiveCfg = Release|Any CPU
		{77E4DA7F-E6A3-4014-9B44-33DD5126F222}.Release|Any CPU.Build.0 = Release|Any CPU
		{3F2BB5BE-F964-4484-BDE0-53A5B72BF62B}.Debug|Any CPU.ActiveCfg = Debug|Any CPU
		{3F2BB5BE-F964-4484-BDE0-53A5B72BF62B}.Debug|Any CPU.Build.0 = Debug|Any CPU
		{3F2BB5BE-F964-4484-BDE0-53A5B72BF62B}.Release|Any CPU.ActiveCfg = Release|Any CPU
		{3F2BB5BE-F964-4484-BDE0-53A5B72BF62B}.Release|Any CPU.Build.0 = Release|Any CPU
		{F1E8FE2B-71A5-4FD0-B4B2-2FCE2554A235}.Debug|Any CPU.ActiveCfg = Debug|Any CPU
		{F1E8FE2B-71A5-4FD0-B4B2-2FCE2554A235}.Debug|Any CPU.Build.0 = Debug|Any CPU
		{F1E8FE2B-71A5-4FD0-B4B2-2FCE2554A235}.Release|Any CPU.ActiveCfg = Release|Any CPU
		{F1E8FE2B-71A5-4FD0-B4B2-2FCE2554A235}.Release|Any CPU.Build.0 = Release|Any CPU
		{D32C8ABF-0221-44E1-92BA-E1F7E0FD9A85}.Debug|Any CPU.ActiveCfg = Debug|Any CPU
		{D32C8ABF-0221-44E1-92BA-E1F7E0FD9A85}.Debug|Any CPU.Build.0 = Debug|Any CPU
		{D32C8ABF-0221-44E1-92BA-E1F7E0FD9A85}.Release|Any CPU.ActiveCfg = Release|Any CPU
		{D32C8ABF-0221-44E1-92BA-E1F7E0FD9A85}.Release|Any CPU.Build.0 = Release|Any CPU
		{5D92FFB3-1A59-4729-A104-4A50706C5C5C}.Debug|Any CPU.ActiveCfg = Debug|Any CPU
		{5D92FFB3-1A59-4729-A104-4A50706C5C5C}.Debug|Any CPU.Build.0 = Debug|Any CPU
		{5D92FFB3-1A59-4729-A104-4A50706C5C5C}.Release|Any CPU.ActiveCfg = Release|Any CPU
		{5D92FFB3-1A59-4729-A104-4A50706C5C5C}.Release|Any CPU.Build.0 = Release|Any CPU
		{C4EAB843-BBDC-4F51-B2CE-923B9B9FA077}.Debug|Any CPU.ActiveCfg = Debug|Any CPU
		{C4EAB843-BBDC-4F51-B2CE-923B9B9FA077}.Debug|Any CPU.Build.0 = Debug|Any CPU
		{C4EAB843-BBDC-4F51-B2CE-923B9B9FA077}.Release|Any CPU.ActiveCfg = Release|Any CPU
		{C4EAB843-BBDC-4F51-B2CE-923B9B9FA077}.Release|Any CPU.Build.0 = Release|Any CPU
		{3E1A448F-46E1-478A-A598-7A9F5221BFDC}.Debug|Any CPU.ActiveCfg = Debug|Any CPU
		{3E1A448F-46E1-478A-A598-7A9F5221BFDC}.Debug|Any CPU.Build.0 = Debug|Any CPU
		{3E1A448F-46E1-478A-A598-7A9F5221BFDC}.Release|Any CPU.ActiveCfg = Release|Any CPU
		{3E1A448F-46E1-478A-A598-7A9F5221BFDC}.Release|Any CPU.Build.0 = Release|Any CPU
	EndGlobalSection
	GlobalSection(SolutionProperties) = preSolution
		HideSolutionNode = FALSE
	EndGlobalSection
	GlobalSection(NestedProjects) = preSolution
		{000807DE-90C0-4F21-9104-602B5B29426C} = {02EA681E-C7D8-13C7-8484-4AC65E1B71E8}
		{C3DD4B43-AD61-40CC-8F95-C7A3FE20E939} = {02EA681E-C7D8-13C7-8484-4AC65E1B71E8}
		{300190D5-7842-4D53-92B0-83CCACE4F241} = {02EA681E-C7D8-13C7-8484-4AC65E1B71E8}
		{872167B6-89FA-4320-A449-E4F3CF98AF56} = {BE3A38E1-60EB-4C57-97A7-F17702684C92}
		{5706A52D-CAA4-42DE-95F7-708565F349C1} = {BE3A38E1-60EB-4C57-97A7-F17702684C92}
		{E3E680EB-C952-4C49-A950-CF160DA71CD7} = {BE3A38E1-60EB-4C57-97A7-F17702684C92}
		{14F4CE17-0813-4E4B-AE0F-7590B886BBA7} = {CC4B4D21-651E-4CC0-8B23-EB3061E4E45D}
		{C8370702-1550-475E-9F79-22BCAE084E11} = {CC4B4D21-651E-4CC0-8B23-EB3061E4E45D}
		{8BA027BE-74F6-4B49-AA5F-664D40879A23} = {CC4B4D21-651E-4CC0-8B23-EB3061E4E45D}
		{3580AB98-1AFD-4EB3-A9E9-4C637298F972} = {A39D3B82-E3CA-4FD2-87DD-E65C3F91D4A3}
		{9BFABFBD-D77B-4519-9E88-CB1715757DE7} = {A39D3B82-E3CA-4FD2-87DD-E65C3F91D4A3}
		{77E4DA7F-E6A3-4014-9B44-33DD5126F222} = {A39D3B82-E3CA-4FD2-87DD-E65C3F91D4A3}
		{3F2BB5BE-F964-4484-BDE0-53A5B72BF62B} = {6AF05ED9-8858-4583-9CBA-7FE58E645F47}
		{F1E8FE2B-71A5-4FD0-B4B2-2FCE2554A235} = {6AF05ED9-8858-4583-9CBA-7FE58E645F47}
		{D32C8ABF-0221-44E1-92BA-E1F7E0FD9A85} = {6AF05ED9-8858-4583-9CBA-7FE58E645F47}
		{5D92FFB3-1A59-4729-A104-4A50706C5C5C} = {6B721EA5-9B59-4AC6-84E1-1EA66C84F649}
		{C4EAB843-BBDC-4F51-B2CE-923B9B9FA077} = {6B721EA5-9B59-4AC6-84E1-1EA66C84F649}
		{3E1A448F-46E1-478A-A598-7A9F5221BFDC} = {6B721EA5-9B59-4AC6-84E1-1EA66C84F649}
	EndGlobalSection
	GlobalSection(ExtensibilityGlobals) = postSolution
		SolutionGuid = {35C067A5-7603-49F1-B359-1EEFCD3B13F3}
	EndGlobalSection
EndGlobal
